
Microsoft Visual Studio Solution File, Format Version 12.00
# Visual Studio Version 17
VisualStudioVersion = 17.1.32407.343
MinimumVisualStudioVersion = 10.0.40219.1
Project("{FAE04EC0-301F-11D3-BF4B-00C04F79EFBC}") = "Webapi_demonew", "Webapi_demonew\Webapi_demonew.csproj", "{AC4AEE76-6933-44FF-9B9B-5A60DF599C34}"
EndProject
Project("{FAE04EC0-301F-11D3-BF4B-00C04F79EFBC}") = "Webapi_demonew.Tests", "Webapi_demonew.Tests\Webapi_demonew.Tests.csproj", "{D4391037-8715-4B44-A8D2-AA20FB0D4F14}"
EndProject
Global
	GlobalSection(SolutionConfigurationPlatforms) = preSolution
		Debug|Any CPU = Debug|Any CPU
		Release|Any CPU = Release|Any CPU
	EndGlobalSection
	GlobalSection(ProjectConfigurationPlatforms) = postSolution
		{AC4AEE76-6933-44FF-9B9B-5A60DF599C34}.Debug|Any CPU.ActiveCfg = Debug|Any CPU
		{AC4AEE76-6933-44FF-9B9B-5A60DF599C34}.Debug|Any CPU.Build.0 = Debug|Any CPU
		{AC4AEE76-6933-44FF-9B9B-5A60DF599C34}.Release|Any CPU.ActiveCfg = Release|Any CPU
		{AC4AEE76-6933-44FF-9B9B-5A60DF599C34}.Release|Any CPU.Build.0 = Release|Any CPU
		{D4391037-8715-4B44-A8D2-AA20FB0D4F14}.Debug|Any CPU.ActiveCfg = Debug|Any CPU
		{D4391037-8715-4B44-A8D2-AA20FB0D4F14}.Debug|Any CPU.Build.0 = Debug|Any CPU
		{D4391037-8715-4B44-A8D2-AA20FB0D4F14}.Release|Any CPU.ActiveCfg = Release|Any CPU
		{D4391037-8715-4B44-A8D2-AA20FB0D4F14}.Release|Any CPU.Build.0 = Release|Any CPU
	EndGlobalSection
	GlobalSection(SolutionProperties) = preSolution
		HideSolutionNode = FALSE
	EndGlobalSection
	GlobalSection(ExtensibilityGlobals) = postSolution
		SolutionGuid = {01D00112-0DD6-4F88-8510-E39761BF3665}
	EndGlobalSection
EndGlobal
